
Microsoft Visual Studio Solution File, Format Version 12.00
# Visual Studio Version 17
VisualStudioVersion = 17.7.34031.279
MinimumVisualStudioVersion = 10.0.40219.1
Project("{8BC9CEB8-8B4A-11D0-8D11-00A0C91BC942}") = "Task82_Tree_Medium_FindLargestValueInEachTreeRow", "Task82_Tree_Medium_FindLargestValueInEachTreeRow\Task82_Tree_Medium_FindLargestValueInEachTreeRow.vcxproj", "{5A727B86-1810-4E0E-BE26-F745556DFA3B}"
EndProject
Global
	GlobalSection(SolutionConfigurationPlatforms) = preSolution
		Debug|x64 = Debug|x64
		Debug|x86 = Debug|x86
		Release|x64 = Release|x64
		Release|x86 = Release|x86
	EndGlobalSection
	GlobalSection(ProjectConfigurationPlatforms) = postSolution
		{5A727B86-1810-4E0E-BE26-F745556DFA3B}.Debug|x64.ActiveCfg = Debug|x64
		{5A727B86-1810-4E0E-BE26-F745556DFA3B}.Debug|x64.Build.0 = Debug|x64
		{5A727B86-1810-4E0E-BE26-F745556DFA3B}.Debug|x86.ActiveCfg = Debug|Win32
		{5A727B86-1810-4E0E-BE26-F745556DFA3B}.Debug|x86.Build.0 = Debug|Win32
		{5A727B86-1810-4E0E-BE26-F745556DFA3B}.Release|x64.ActiveCfg = Release|x64
		{5A727B86-1810-4E0E-BE26-F745556DFA3B}.Release|x64.Build.0 = Release|x64
		{5A727B86-1810-4E0E-BE26-F745556DFA3B}.Release|x86.ActiveCfg = Release|Win32
		{5A727B86-1810-4E0E-BE26-F745556DFA3B}.Release|x86.Build.0 = Release|Win32
	EndGlobalSection
	GlobalSection(SolutionProperties) = preSolution
		HideSolutionNode = FALSE
	EndGlobalSection
	GlobalSection(ExtensibilityGlobals) = postSolution
		SolutionGuid = {BF742A2F-7A81-4567-B99E-982DC5B500DE}
	EndGlobalSection
EndGlobal
